// !$*UTF8*$!
{
	archiveVersion = 1;
	classes = {
	};
	objectVersion = 48;
	objects = {

/* Begin PBXBuildFile section */
		A430E5771FDBF55C00876F2C /* ATEmoticonBottomCell.swift in Sources */ = {isa = PBXBuildFile; fileRef = A430E5761FDBF55C00876F2C /* ATEmoticonBottomCell.swift */; };
		A430E5791FDBF5A900876F2C /* ATEmoticonTabItemView.swift in Sources */ = {isa = PBXBuildFile; fileRef = A430E5781FDBF5A900876F2C /* ATEmoticonTabItemView.swift */; };
		A43C6F651FD971BD002F82AC /* ATUIView.swift in Sources */ = {isa = PBXBuildFile; fileRef = A43C6F641FD971BD002F82AC /* ATUIView.swift */; };
		A43C6F681FD973E6002F82AC /* ATSelectAttachmentView.swift in Sources */ = {isa = PBXBuildFile; fileRef = A43C6F671FD973E6002F82AC /* ATSelectAttachmentView.swift */; };
		A43C6F6A1FD97437002F82AC /* ATScrollView.swift in Sources */ = {isa = PBXBuildFile; fileRef = A43C6F691FD97437002F82AC /* ATScrollView.swift */; };
		A43C6F6C1FD97461002F82AC /* ATAttachmentButton.swift in Sources */ = {isa = PBXBuildFile; fileRef = A43C6F6B1FD97461002F82AC /* ATAttachmentButton.swift */; };
		A45E50131FC14A2A009F3FE2 /* ATConstant.swift in Sources */ = {isa = PBXBuildFile; fileRef = A45E50121FC14A2A009F3FE2 /* ATConstant.swift */; };
		A4C3B97C1FDD2A62008AB90D /* ATEmoticonBoardPageQQEmojiCell.swift in Sources */ = {isa = PBXBuildFile; fileRef = A4C3B97B1FDD2A62008AB90D /* ATEmoticonBoardPageQQEmojiCell.swift */; };
		A4C3B97E1FDD2AB2008AB90D /* ATQQEmojiGridView.swift in Sources */ = {isa = PBXBuildFile; fileRef = A4C3B97D1FDD2AB2008AB90D /* ATQQEmojiGridView.swift */; };
		A4CB97F01FDBF13D0053C65A /* ATEmoticonBoardView.swift in Sources */ = {isa = PBXBuildFile; fileRef = A4CB97EF1FDBF13D0053C65A /* ATEmoticonBoardView.swift */; };
		A4CB97F31FDBF2600053C65A /* ATEmoticonBottomTabBar.swift in Sources */ = {isa = PBXBuildFile; fileRef = A4CB97F21FDBF2600053C65A /* ATEmoticonBottomTabBar.swift */; };
		A4D8523B1FBFFA4000BE4020 /* AppDelegate.swift in Sources */ = {isa = PBXBuildFile; fileRef = A4D8523A1FBFFA4000BE4020 /* AppDelegate.swift */; };
		A4D852401FBFFA4000BE4020 /* Main.storyboard in Resources */ = {isa = PBXBuildFile; fileRef = A4D8523E1FBFFA4000BE4020 /* Main.storyboard */; };
		A4D852421FBFFA4000BE4020 /* Assets.xcassets in Resources */ = {isa = PBXBuildFile; fileRef = A4D852411FBFFA4000BE4020 /* Assets.xcassets */; };
		A4D852451FBFFA4000BE4020 /* LaunchScreen.storyboard in Resources */ = {isa = PBXBuildFile; fileRef = A4D852431FBFFA4000BE4020 /* LaunchScreen.storyboard */; };
		A4D8524D1FBFFA8C00BE4020 /* ATChatViewController.swift in Sources */ = {isa = PBXBuildFile; fileRef = A4D8524C1FBFFA8C00BE4020 /* ATChatViewController.swift */; };
		A4D8524F1FBFFAAD00BE4020 /* ATChatTableController.swift in Sources */ = {isa = PBXBuildFile; fileRef = A4D8524E1FBFFAAD00BE4020 /* ATChatTableController.swift */; };
		A4D852531FBFFC7600BE4020 /* ATChatInputController.swift in Sources */ = {isa = PBXBuildFile; fileRef = A4D852521FBFFC7600BE4020 /* ATChatInputController.swift */; };
		A4D852551FC021B100BE4020 /* ATInputToolView.swift in Sources */ = {isa = PBXBuildFile; fileRef = A4D852541FC021B100BE4020 /* ATInputToolView.swift */; };
		A4D852571FC128EF00BE4020 /* ATQuickSendEmoticonView.swift in Sources */ = {isa = PBXBuildFile; fileRef = A4D852561FC128EF00BE4020 /* ATQuickSendEmoticonView.swift */; };
		A4D852591FC12A1500BE4020 /* ATInputToolViewBar.swift in Sources */ = {isa = PBXBuildFile; fileRef = A4D852581FC12A1500BE4020 /* ATInputToolViewBar.swift */; };
		A4D8525B1FC12B2C00BE4020 /* ATGrowTextView.swift in Sources */ = {isa = PBXBuildFile; fileRef = A4D8525A1FC12B2C00BE4020 /* ATGrowTextView.swift */; };
		A4D8525D1FC12BB100BE4020 /* ATTransparentButton.swift in Sources */ = {isa = PBXBuildFile; fileRef = A4D8525C1FC12BB100BE4020 /* ATTransparentButton.swift */; };
/* End PBXBuildFile section */

/* Begin PBXFileReference section */
		A430E5761FDBF55C00876F2C /* ATEmoticonBottomCell.swift */ = {isa = PBXFileReference; lastKnownFileType = sourcecode.swift; path = ATEmoticonBottomCell.swift; sourceTree = "<group>"; };
		A430E5781FDBF5A900876F2C /* ATEmoticonTabItemView.swift */ = {isa = PBXFileReference; lastKnownFileType = sourcecode.swift; path = ATEmoticonTabItemView.swift; sourceTree = "<group>"; };
		A43C6F641FD971BD002F82AC /* ATUIView.swift */ = {isa = PBXFileReference; lastKnownFileType = sourcecode.swift; path = ATUIView.swift; sourceTree = "<group>"; };
		A43C6F671FD973E6002F82AC /* ATSelectAttachmentView.swift */ = {isa = PBXFileReference; lastKnownFileType = sourcecode.swift; path = ATSelectAttachmentView.swift; sourceTree = "<group>"; };
		A43C6F691FD97437002F82AC /* ATScrollView.swift */ = {isa = PBXFileReference; lastKnownFileType = sourcecode.swift; path = ATScrollView.swift; sourceTree = "<group>"; };
		A43C6F6B1FD97461002F82AC /* ATAttachmentButton.swift */ = {isa = PBXFileReference; lastKnownFileType = sourcecode.swift; path = ATAttachmentButton.swift; sourceTree = "<group>"; };
		A45E50121FC14A2A009F3FE2 /* ATConstant.swift */ = {isa = PBXFileReference; lastKnownFileType = sourcecode.swift; path = ATConstant.swift; sourceTree = "<group>"; };
		A4C3B97B1FDD2A62008AB90D /* ATEmoticonBoardPageQQEmojiCell.swift */ = {isa = PBXFileReference; lastKnownFileType = sourcecode.swift; path = ATEmoticonBoardPageQQEmojiCell.swift; sourceTree = "<group>"; };
		A4C3B97D1FDD2AB2008AB90D /* ATQQEmojiGridView.swift */ = {isa = PBXFileReference; lastKnownFileType = sourcecode.swift; path = ATQQEmojiGridView.swift; sourceTree = "<group>"; };
		A4CB97EF1FDBF13D0053C65A /* ATEmoticonBoardView.swift */ = {isa = PBXFileReference; lastKnownFileType = sourcecode.swift; path = ATEmoticonBoardView.swift; sourceTree = "<group>"; };
		A4CB97F21FDBF2600053C65A /* ATEmoticonBottomTabBar.swift */ = {isa = PBXFileReference; lastKnownFileType = sourcecode.swift; path = ATEmoticonBottomTabBar.swift; sourceTree = "<group>"; };
		A4D852371FBFFA4000BE4020 /* ChatTeam.app */ = {isa = PBXFileReference; explicitFileType = wrapper.application; includeInIndex = 0; path = ChatTeam.app; sourceTree = BUILT_PRODUCTS_DIR; };
		A4D8523A1FBFFA4000BE4020 /* AppDelegate.swift */ = {isa = PBXFileReference; lastKnownFileType = sourcecode.swift; path = AppDelegate.swift; sourceTree = "<group>"; };
		A4D8523F1FBFFA4000BE4020 /* Base */ = {isa = PBXFileReference; lastKnownFileType = file.storyboard; name = Base; path = Base.lproj/Main.storyboard; sourceTree = "<group>"; };
		A4D852411FBFFA4000BE4020 /* Assets.xcassets */ = {isa = PBXFileReference; lastKnownFileType = folder.assetcatalog; path = Assets.xcassets; sourceTree = "<group>"; };
		A4D852441FBFFA4000BE4020 /* Base */ = {isa = PBXFileReference; lastKnownFileType = file.storyboard; name = Base; path = Base.lproj/LaunchScreen.storyboard; sourceTree = "<group>"; };
		A4D852461FBFFA4000BE4020 /* Info.plist */ = {isa = PBXFileReference; lastKnownFileType = text.plist.xml; path = Info.plist; sourceTree = "<group>"; };
		A4D8524C1FBFFA8C00BE4020 /* ATChatViewController.swift */ = {isa = PBXFileReference; lastKnownFileType = sourcecode.swift; path = ATChatViewController.swift; sourceTree = "<group>"; };
		A4D8524E1FBFFAAD00BE4020 /* ATChatTableController.swift */ = {isa = PBXFileReference; lastKnownFileType = sourcecode.swift; path = ATChatTableController.swift; sourceTree = "<group>"; };
		A4D852521FBFFC7600BE4020 /* ATChatInputController.swift */ = {isa = PBXFileReference; lastKnownFileType = sourcecode.swift; path = ATChatInputController.swift; sourceTree = "<group>"; };
		A4D852541FC021B100BE4020 /* ATInputToolView.swift */ = {isa = PBXFileReference; lastKnownFileType = sourcecode.swift; path = ATInputToolView.swift; sourceTree = "<group>"; };
		A4D852561FC128EF00BE4020 /* ATQuickSendEmoticonView.swift */ = {isa = PBXFileReference; lastKnownFileType = sourcecode.swift; path = ATQuickSendEmoticonView.swift; sourceTree = "<group>"; };
		A4D852581FC12A1500BE4020 /* ATInputToolViewBar.swift */ = {isa = PBXFileReference; lastKnownFileType = sourcecode.swift; path = ATInputToolViewBar.swift; sourceTree = "<group>"; };
		A4D8525A1FC12B2C00BE4020 /* ATGrowTextView.swift */ = {isa = PBXFileReference; lastKnownFileType = sourcecode.swift; path = ATGrowTextView.swift; sourceTree = "<group>"; };
		A4D8525C1FC12BB100BE4020 /* ATTransparentButton.swift */ = {isa = PBXFileReference; lastKnownFileType = sourcecode.swift; path = ATTransparentButton.swift; sourceTree = "<group>"; };
/* End PBXFileReference section */

/* Begin PBXFrameworksBuildPhase section */
		A4D852341FBFFA4000BE4020 /* Frameworks */ = {
			isa = PBXFrameworksBuildPhase;
			buildActionMask = 2147483647;
			files = (
			);
			runOnlyForDeploymentPostprocessing = 0;
		};
/* End PBXFrameworksBuildPhase section */

/* Begin PBXGroup section */
		A43C6F621FD96943002F82AC /* ChatController */ = {
			isa = PBXGroup;
			children = (
				A4D8524C1FBFFA8C00BE4020 /* ATChatViewController.swift */,
				A4D8524E1FBFFAAD00BE4020 /* ATChatTableController.swift */,
				A4D852521FBFFC7600BE4020 /* ATChatInputController.swift */,
				A4D852581FC12A1500BE4020 /* ATInputToolViewBar.swift */,
			);
			path = ChatController;
			sourceTree = "<group>";
		};
		A43C6F631FD9695A002F82AC /* View */ = {
			isa = PBXGroup;
			children = (
				A4CB97F11FDBF1460053C65A /* EmoticonBoardView */,
				A43C6F661FD973D2002F82AC /* AttachmentView */,
				A4D852541FC021B100BE4020 /* ATInputToolView.swift */,
				A4D852561FC128EF00BE4020 /* ATQuickSendEmoticonView.swift */,
				A4D8525A1FC12B2C00BE4020 /* ATGrowTextView.swift */,
				A4D8525C1FC12BB100BE4020 /* ATTransparentButton.swift */,
			);
			path = View;
			sourceTree = "<group>";
		};
		A43C6F661FD973D2002F82AC /* AttachmentView */ = {
			isa = PBXGroup;
			children = (
				A43C6F671FD973E6002F82AC /* ATSelectAttachmentView.swift */,
				A43C6F6B1FD97461002F82AC /* ATAttachmentButton.swift */,
			);
			path = AttachmentView;
			sourceTree = "<group>";
		};
		A4CB97F11FDBF1460053C65A /* EmoticonBoardView */ = {
			isa = PBXGroup;
			children = (
				A4CB97EF1FDBF13D0053C65A /* ATEmoticonBoardView.swift */,
				A4CB97F21FDBF2600053C65A /* ATEmoticonBottomTabBar.swift */,
				A430E5761FDBF55C00876F2C /* ATEmoticonBottomCell.swift */,
				A430E5781FDBF5A900876F2C /* ATEmoticonTabItemView.swift */,
				A4C3B97B1FDD2A62008AB90D /* ATEmoticonBoardPageQQEmojiCell.swift */,
				A4C3B97D1FDD2AB2008AB90D /* ATQQEmojiGridView.swift */,
			);
			path = EmoticonBoardView;
			sourceTree = "<group>";
		};
		A4D8522E1FBFFA4000BE4020 = {
			isa = PBXGroup;
			children = (
				A4D852391FBFFA4000BE4020 /* ChatTeam */,
				A4D852381FBFFA4000BE4020 /* Products */,
			);
			sourceTree = "<group>";
		};
		A4D852381FBFFA4000BE4020 /* Products */ = {
			isa = PBXGroup;
			children = (
				A4D852371FBFFA4000BE4020 /* ChatTeam.app */,
			);
			name = Products;
			sourceTree = "<group>";
		};
		A4D852391FBFFA4000BE4020 /* ChatTeam */ = {
			isa = PBXGroup;
			children = (
				A4D8523A1FBFFA4000BE4020 /* AppDelegate.swift */,
				A43C6F641FD971BD002F82AC /* ATUIView.swift */,
				A43C6F691FD97437002F82AC /* ATScrollView.swift */,
				A43C6F621FD96943002F82AC /* ChatController */,
				A43C6F631FD9695A002F82AC /* View */,
				A45E50121FC14A2A009F3FE2 /* ATConstant.swift */,
				A4D8523E1FBFFA4000BE4020 /* Main.storyboard */,
				A4D852411FBFFA4000BE4020 /* Assets.xcassets */,
				A4D852431FBFFA4000BE4020 /* LaunchScreen.storyboard */,
				A4D852461FBFFA4000BE4020 /* Info.plist */,
			);
			path = ChatTeam;
			sourceTree = "<group>";
		};
/* End PBXGroup section */

/* Begin PBXNativeTarget section */
		A4D852361FBFFA4000BE4020 /* ChatTeam */ = {
			isa = PBXNativeTarget;
			buildConfigurationList = A4D852491FBFFA4000BE4020 /* Build configuration list for PBXNativeTarget "ChatTeam" */;
			buildPhases = (
				A4D852331FBFFA4000BE4020 /* Sources */,
				A4D852341FBFFA4000BE4020 /* Frameworks */,
				A4D852351FBFFA4000BE4020 /* Resources */,
			);
			buildRules = (
			);
			dependencies = (
			);
			name = ChatTeam;
			productName = ChatTeam;
			productReference = A4D852371FBFFA4000BE4020 /* ChatTeam.app */;
			productType = "com.apple.product-type.application";
		};
/* End PBXNativeTarget section */

/* Begin PBXProject section */
		A4D8522F1FBFFA4000BE4020 /* Project object */ = {
			isa = PBXProject;
			attributes = {
				LastSwiftUpdateCheck = 0900;
				LastUpgradeCheck = 0900;
				ORGANIZATIONNAME = "yakang wang";
				TargetAttributes = {
					A4D852361FBFFA4000BE4020 = {
						CreatedOnToolsVersion = 9.0;
						ProvisioningStyle = Automatic;
					};
				};
			};
			buildConfigurationList = A4D852321FBFFA4000BE4020 /* Build configuration list for PBXProject "ChatTeam" */;
			compatibilityVersion = "Xcode 8.0";
			developmentRegion = en;
			hasScannedForEncodings = 0;
			knownRegions = (
				en,
				Base,
			);
			mainGroup = A4D8522E1FBFFA4000BE4020;
			productRefGroup = A4D852381FBFFA4000BE4020 /* Products */;
			projectDirPath = "";
			projectRoot = "";
			targets = (
				A4D852361FBFFA4000BE4020 /* ChatTeam */,
			);
		};
/* End PBXProject section */

/* Begin PBXResourcesBuildPhase section */
		A4D852351FBFFA4000BE4020 /* Resources */ = {
			isa = PBXResourcesBuildPhase;
			buildActionMask = 2147483647;
			files = (
				A4D852451FBFFA4000BE4020 /* LaunchScreen.storyboard in Resources */,
				A4D852421FBFFA4000BE4020 /* Assets.xcassets in Resources */,
				A4D852401FBFFA4000BE4020 /* Main.storyboard in Resources */,
			);
			runOnlyForDeploymentPostprocessing = 0;
		};
/* End PBXResourcesBuildPhase section */

/* Begin PBXSourcesBuildPhase section */
		A4D852331FBFFA4000BE4020 /* Sources */ = {
			isa = PBXSourcesBuildPhase;
			buildActionMask = 2147483647;
			files = (
				A430E5791FDBF5A900876F2C /* ATEmoticonTabItemView.swift in Sources */,
				A43C6F6A1FD97437002F82AC /* ATScrollView.swift in Sources */,
				A43C6F681FD973E6002F82AC /* ATSelectAttachmentView.swift in Sources */,
				A4D8524D1FBFFA8C00BE4020 /* ATChatViewController.swift in Sources */,
				A4D852551FC021B100BE4020 /* ATInputToolView.swift in Sources */,
				A4D852531FBFFC7600BE4020 /* ATChatInputController.swift in Sources */,
				A4C3B97E1FDD2AB2008AB90D /* ATQQEmojiGridView.swift in Sources */,
				A4CB97F01FDBF13D0053C65A /* ATEmoticonBoardView.swift in Sources */,
				A43C6F6C1FD97461002F82AC /* ATAttachmentButton.swift in Sources */,
				A4C3B97C1FDD2A62008AB90D /* ATEmoticonBoardPageQQEmojiCell.swift in Sources */,
				A4D8525B1FC12B2C00BE4020 /* ATGrowTextView.swift in Sources */,
				A45E50131FC14A2A009F3FE2 /* ATConstant.swift in Sources */,
				A4D852591FC12A1500BE4020 /* ATInputToolViewBar.swift in Sources */,
				A430E5771FDBF55C00876F2C /* ATEmoticonBottomCell.swift in Sources */,
				A4D8523B1FBFFA4000BE4020 /* AppDelegate.swift in Sources */,
				A4CB97F31FDBF2600053C65A /* ATEmoticonBottomTabBar.swift in Sources */,
				A4D8524F1FBFFAAD00BE4020 /* ATChatTableController.swift in Sources */,
				A43C6F651FD971BD002F82AC /* ATUIView.swift in Sources */,
				A4D8525D1FC12BB100BE4020 /* ATTransparentButton.swift in Sources */,
				A4D852571FC128EF00BE4020 /* ATQuickSendEmoticonView.swift in Sources */,
			);
			runOnlyForDeploymentPostprocessing = 0;
		};
/* End PBXSourcesBuildPhase section */

/* Begin PBXVariantGroup section */
		A4D8523E1FBFFA4000BE4020 /* Main.storyboard */ = {
			isa = PBXVariantGroup;
			children = (
				A4D8523F1FBFFA4000BE4020 /* Base */,
			);
			name = Main.storyboard;
			sourceTree = "<group>";
		};
		A4D852431FBFFA4000BE4020 /* LaunchScreen.storyboard */ = {
			isa = PBXVariantGroup;
			children = (
				A4D852441FBFFA4000BE4020 /* Base */,
			);
			name = LaunchScreen.storyboard;
			sourceTree = "<group>";
		};
/* End PBXVariantGroup section */

/* Begin XCBuildConfiguration section */
		A4D852471FBFFA4000BE4020 /* Debug */ = {
			isa = XCBuildConfiguration;
			buildSettings = {
				ALWAYS_SEARCH_USER_PATHS = NO;
				CLANG_ANALYZER_NONNULL = YES;
				CLANG_ANALYZER_NUMBER_OBJECT_CONVERSION = YES_AGGRESSIVE;
				CLANG_CXX_LANGUAGE_STANDARD = "gnu++14";
				CLANG_CXX_LIBRARY = "libc++";
				CLANG_ENABLE_MODULES = YES;
				CLANG_ENABLE_OBJC_ARC = YES;
				CLANG_WARN_BLOCK_CAPTURE_AUTORELEASING = YES;
				CLANG_WARN_BOOL_CONVERSION = YES;
				CLANG_WARN_COMMA = YES;
				CLANG_WARN_CONSTANT_CONVERSION = YES;
				CLANG_WARN_DIRECT_OBJC_ISA_USAGE = YES_ERROR;
				CLANG_WARN_DOCUMENTATION_COMMENTS = YES;
				CLANG_WARN_EMPTY_BODY = YES;
				CLANG_WARN_ENUM_CONVERSION = YES;
				CLANG_WARN_INFINITE_RECURSION = YES;
				CLANG_WARN_INT_CONVERSION = YES;
				CLANG_WARN_NON_LITERAL_NULL_CONVERSION = YES;
				CLANG_WARN_OBJC_LITERAL_CONVERSION = YES;
				CLANG_WARN_OBJC_ROOT_CLASS = YES_ERROR;
				CLANG_WARN_RANGE_LOOP_ANALYSIS = YES;
				CLANG_WARN_STRICT_PROTOTYPES = YES;
				CLANG_WARN_SUSPICIOUS_MOVE = YES;
				CLANG_WARN_UNGUARDED_AVAILABILITY = YES_AGGRESSIVE;
				CLANG_WARN_UNREACHABLE_CODE = YES;
				CLANG_WARN__DUPLICATE_METHOD_MATCH = YES;
				CODE_SIGN_IDENTITY = "iPhone Developer";
				COPY_PHASE_STRIP = NO;
				DEBUG_INFORMATION_FORMAT = dwarf;
				ENABLE_STRICT_OBJC_MSGSEND = YES;
				ENABLE_TESTABILITY = YES;
				GCC_C_LANGUAGE_STANDARD = gnu11;
				GCC_DYNAMIC_NO_PIC = NO;
				GCC_NO_COMMON_BLOCKS = YES;
				GCC_OPTIMIZATION_LEVEL = 0;
				GCC_PREPROCESSOR_DEFINITIONS = (
					"DEBUG=1",
					"$(inherited)",
				);
				GCC_WARN_64_TO_32_BIT_CONVERSION = YES;
				GCC_WARN_ABOUT_RETURN_TYPE = YES_ERROR;
				GCC_WARN_UNDECLARED_SELECTOR = YES;
				GCC_WARN_UNINITIALIZED_AUTOS = YES_AGGRESSIVE;
				GCC_WARN_UNUSED_FUNCTION = YES;
				GCC_WARN_UNUSED_VARIABLE = YES;
				IPHONEOS_DEPLOYMENT_TARGET = 11.0;
				MTL_ENABLE_DEBUG_INFO = YES;
				ONLY_ACTIVE_ARCH = YES;
				SDKROOT = iphoneos;
				SWIFT_ACTIVE_COMPILATION_CONDITIONS = DEBUG;
				SWIFT_OPTIMIZATION_LEVEL = "-Onone";
			};
			name = Debug;
		};
		A4D852481FBFFA4000BE4020 /* Release */ = {
			isa = XCBuildConfiguration;
			buildSettings = {
				ALWAYS_SEARCH_USER_PATHS = NO;
				CLANG_ANALYZER_NONNULL = YES;
				CLANG_ANALYZER_NUMBER_OBJECT_CONVERSION = YES_AGGRESSIVE;
				CLANG_CXX_LANGUAGE_STANDARD = "gnu++14";
				CLANG_CXX_LIBRARY = "libc++";
				CLANG_ENABLE_MODULES = YES;
				CLANG_ENABLE_OBJC_ARC = YES;
				CLANG_WARN_BLOCK_CAPTURE_AUTORELEASING = YES;
				CLANG_WARN_BOOL_CONVERSION = YES;
				CLANG_WARN_COMMA = YES;
				CLANG_WARN_CONSTANT_CONVERSION = YES;
				CLANG_WARN_DIRECT_OBJC_ISA_USAGE = YES_ERROR;
				CLANG_WARN_DOCUMENTATION_COMMENTS = YES;
				CLANG_WARN_EMPTY_BODY = YES;
				CLANG_WARN_ENUM_CONVERSION = YES;
				CLANG_WARN_INFINITE_RECURSION = YES;
				CLANG_WARN_INT_CONVERSION = YES;
				CLANG_WARN_NON_LITERAL_NULL_CONVERSION = YES;
				CLANG_WARN_OBJC_LITERAL_CONVERSION = YES;
				CLANG_WARN_OBJC_ROOT_CLASS = YES_ERROR;
				CLANG_WARN_RANGE_LOOP_ANALYSIS = YES;
				CLANG_WARN_STRICT_PROTOTYPES = YES;
				CLANG_WARN_SUSPICIOUS_MOVE = YES;
				CLANG_WARN_UNGUARDED_AVAILABILITY = YES_AGGRESSIVE;
				CLANG_WARN_UNREACHABLE_CODE = YES;
				CLANG_WARN__DUPLICATE_METHOD_MATCH = YES;
				CODE_SIGN_IDENTITY = "iPhone Developer";
				COPY_PHASE_STRIP = NO;
				DEBUG_INFORMATION_FORMAT = "dwarf-with-dsym";
				ENABLE_NS_ASSERTIONS = NO;
				ENABLE_STRICT_OBJC_MSGSEND = YES;
				GCC_C_LANGUAGE_STANDARD = gnu11;
				GCC_NO_COMMON_BLOCKS = YES;
				GCC_WARN_64_TO_32_BIT_CONVERSION = YES;
				GCC_WARN_ABOUT_RETURN_TYPE = YES_ERROR;
				GCC_WARN_UNDECLARED_SELECTOR = YES;
				GCC_WARN_UNINITIALIZED_AUTOS = YES_AGGRESSIVE;
				GCC_WARN_UNUSED_FUNCTION = YES;
				GCC_WARN_UNUSED_VARIABLE = YES;
				IPHONEOS_DEPLOYMENT_TARGET = 11.0;
				MTL_ENABLE_DEBUG_INFO = NO;
				SDKROOT = iphoneos;
				SWIFT_OPTIMIZATION_LEVEL = "-Owholemodule";
				VALIDATE_PRODUCT = YES;
			};
			name = Release;
		};
		A4D8524A1FBFFA4000BE4020 /* Debug */ = {
			isa = XCBuildConfiguration;
			buildSettings = {
				ASSETCATALOG_COMPILER_APPICON_NAME = AppIcon;
				CODE_SIGN_STYLE = Automatic;
				DEVELOPMENT_TEAM = UHKD6CZHH3;
				INFOPLIST_FILE = ChatTeam/Info.plist;
				LD_RUNPATH_SEARCH_PATHS = "$(inherited) @executable_path/Frameworks";
				PRODUCT_BUNDLE_IDENTIFIER = com.catxia.win.ChatTeam;
				PRODUCT_NAME = "$(TARGET_NAME)";
				SWIFT_VERSION = 4.0;
				TARGETED_DEVICE_FAMILY = "1,2";
			};
			name = Debug;
		};
		A4D8524B1FBFFA4000BE4020 /* Release */ = {
			isa = XCBuildConfiguration;
			buildSettings = {
				ASSETCATALOG_COMPILER_APPICON_NAME = AppIcon;
				CODE_SIGN_STYLE = Automatic;
				DEVELOPMENT_TEAM = UHKD6CZHH3;
				INFOPLIST_FILE = ChatTeam/Info.plist;
				LD_RUNPATH_SEARCH_PATHS = "$(inherited) @executable_path/Frameworks";
				PRODUCT_BUNDLE_IDENTIFIER = com.catxia.win.ChatTeam;
				PRODUCT_NAME = "$(TARGET_NAME)";
				SWIFT_VERSION = 4.0;
				TARGETED_DEVICE_FAMILY = "1,2";
			};
			name = Release;
		};
/* End XCBuildConfiguration section */

/* Begin XCConfigurationList section */
		A4D852321FBFFA4000BE4020 /* Build configuration list for PBXProject "ChatTeam" */ = {
			isa = XCConfigurationList;
			buildConfigurations = (
				A4D852471FBFFA4000BE4020 /* Debug */,
				A4D852481FBFFA4000BE4020 /* Release */,
			);
			defaultConfigurationIsVisible = 0;
			defaultConfigurationName = Release;
		};
		A4D852491FBFFA4000BE4020 /* Build configuration list for PBXNativeTarget "ChatTeam" */ = {
			isa = XCConfigurationList;
			buildConfigurations = (
				A4D8524A1FBFFA4000BE4020 /* Debug */,
				A4D8524B1FBFFA4000BE4020 /* Release */,
			);
			defaultConfigurationIsVisible = 0;
			defaultConfigurationName = Release;
		};
/* End XCConfigurationList section */
	};
	rootObject = A4D8522F1FBFFA4000BE4020 /* Project object */;
}
